
Microsoft Visual Studio Solution File, Format Version 12.00
# Visual Studio Version 17
VisualStudioVersion = 17.6.33801.468
MinimumVisualStudioVersion = 10.0.40219.1
Project("{FAE04EC0-301F-11D3-BF4B-00C04F79EFBC}") = "Dashboard", "Dashboard\Dashboard.csproj", "{4EF968F9-5365-4D39-B271-911749D97F17}"
EndProject
Global
	GlobalSection(SolutionConfigurationPlatforms) = preSolution
		Debug|Any CPU = Debug|Any CPU
		Release|Any CPU = Release|Any CPU
	EndGlobalSection
	GlobalSection(ProjectConfigurationPlatforms) = postSolution
		{4EF968F9-5365-4D39-B271-911749D97F17}.Debug|Any CPU.ActiveCfg = Debug|Any CPU
		{4EF968F9-5365-4D39-B271-911749D97F17}.Debug|Any CPU.Build.0 = Debug|Any CPU
		{4EF968F9-5365-4D39-B271-911749D97F17}.Release|Any CPU.ActiveCfg = Release|Any CPU
		{4EF968F9-5365-4D39-B271-911749D97F17}.Release|Any CPU.Build.0 = Release|Any CPU
	EndGlobalSection
	GlobalSection(SolutionProperties) = preSolution
		HideSolutionNode = FALSE
	EndGlobalSection
	GlobalSection(ExtensibilityGlobals) = postSolution
		SolutionGuid = {CD71A23A-4214-4C09-AB5D-BB82CE734A1F}
	EndGlobalSection
EndGlobal
